
Microsoft Visual Studio Solution File, Format Version 12.00
# Visual Studio Version 16
VisualStudioVersion = 16.0.30611.23
MinimumVisualStudioVersion = 10.0.40219.1
Project("{FAE04EC0-301F-11D3-BF4B-00C04F79EFBC}") = "solid20", "solid20\solid20.csproj", "{BE8E4A77-1848-49E2-ACC6-5BE76BAD37D8}"
EndProject
Project("{FAE04EC0-301F-11D3-BF4B-00C04F79EFBC}") = "solid13", "solid13\solid13.csproj", "{74BBA0C9-8E9C-46AC-9FF4-4BBCFF3E1C08}"
EndProject
Project("{FAE04EC0-301F-11D3-BF4B-00C04F79EFBC}") = "solid22", "solid22\solid22.csproj", "{986D563D-2254-4678-9548-41D3C1B5D27E}"
EndProject
Project("{FAE04EC0-301F-11D3-BF4B-00C04F79EFBC}") = "solid28", "solid28\solid28.csproj", "{2F3C7C85-B1C6-43D0-B2BA-3E13D410C489}"
EndProject
Project("{FAE04EC0-301F-11D3-BF4B-00C04F79EFBC}") = "solid48", "solid48\solid48.csproj", "{1FA3E6FA-31FA-4E26-90CB-9DA81C08F7FC}"
EndProject
Project("{FAE04EC0-301F-11D3-BF4B-00C04F79EFBC}") = "solid74", "solid74\solid74.csproj", "{F99C35F9-7E68-4D61-9312-A07CCE1769E2}"
EndProject
Project("{FAE04EC0-301F-11D3-BF4B-00C04F79EFBC}") = "solid32", "solid32\solid32.csproj", "{DF543BCB-1C95-48D6-91E1-15F483F48442}"
EndProject
Project("{FAE04EC0-301F-11D3-BF4B-00C04F79EFBC}") = "solid33a", "solid33a\solid33a.csproj", "{51DC3E4A-A9BB-4A69-8B16-ED4D7C5AA3D1}"
EndProject
Project("{FAE04EC0-301F-11D3-BF4B-00C04F79EFBC}") = "solid33b", "solid33b\solid33b.csproj", "{2366766D-E3CE-428F-BA0A-FF1B6144620A}"
EndProject
Project("{FAE04EC0-301F-11D3-BF4B-00C04F79EFBC}") = "solid33c", "solid33c\solid33c.csproj", "{20A5E5A5-C083-491D-ADB5-F736A2D78838}"
EndProject
Project("{FAE04EC0-301F-11D3-BF4B-00C04F79EFBC}") = "solid87", "solid87\solid87.csproj", "{BA253DBB-2427-4E93-8C64-B1ACA0525399}"
EndProject
Project("{FAE04EC0-301F-11D3-BF4B-00C04F79EFBC}") = "solid92", "solid92\solid92.csproj", "{3DAF517B-5100-4574-A2BE-7B10FE1698A0}"
EndProject
Project("{FAE04EC0-301F-11D3-BF4B-00C04F79EFBC}") = "solid17", "solid17\solid17.csproj", "{8C8FB809-586F-442C-B773-8097A642419A}"
EndProject
Project("{FAE04EC0-301F-11D3-BF4B-00C04F79EFBC}") = "solid18", "solid18\solid18.csproj", "{99269F78-385C-4890-8C72-DD01731A1722}"
EndProject
Project("{FAE04EC0-301F-11D3-BF4B-00C04F79EFBC}") = "solid19", "solid19\solid19.csproj", "{433D474A-EDAC-4153-984A-3D194860A457}"
EndProject
Project("{FAE04EC0-301F-11D3-BF4B-00C04F79EFBC}") = "solid25", "solid25\solid25.csproj", "{06E92F27-1469-49EC-BB35-E8A9D327250F}"
EndProject
Project("{FAE04EC0-301F-11D3-BF4B-00C04F79EFBC}") = "solid30", "solid30\solid30.csproj", "{55FB3D99-FF92-488C-8CD0-B8BAC7ADBBF8}"
EndProject
Project("{FAE04EC0-301F-11D3-BF4B-00C04F79EFBC}") = "solid51", "solid51\solid51.csproj", "{4EE5C02B-B31D-4462-9558-F57A10F637CE}"
EndProject
Project("{FAE04EC0-301F-11D3-BF4B-00C04F79EFBC}") = "solid113", "solid113\solid113.csproj", "{984C1CC3-5644-4705-95D7-980FF9377854}"
EndProject
Project("{FAE04EC0-301F-11D3-BF4B-00C04F79EFBC}") = "PropertyWithoutDirectField", "PropertyWithoutDirectField\PropertyWithoutDirectField.csproj", "{960359E9-CED4-4679-ADC7-9610ADBEFEA7}"
EndProject
Project("{FAE04EC0-301F-11D3-BF4B-00C04F79EFBC}") = "ExpressionProperty", "ExpressionProperty\ExpressionProperty.csproj", "{8BF6BD1B-0EAD-4407-826A-7D1AE7952D08}"
EndProject
Project("{FAE04EC0-301F-11D3-BF4B-00C04F79EFBC}") = "Array", "Array\Array.csproj", "{73D625EE-9D80-4053-AB24-0F0BDB2F0CDE}"
EndProject
Global
	GlobalSection(SolutionConfigurationPlatforms) = preSolution
		Debug|Any CPU = Debug|Any CPU
		Debug|x64 = Debug|x64
		Debug|x86 = Debug|x86
		Release|Any CPU = Release|Any CPU
		Release|x64 = Release|x64
		Release|x86 = Release|x86
	EndGlobalSection
	GlobalSection(ProjectConfigurationPlatforms) = postSolution
		{BE8E4A77-1848-49E2-ACC6-5BE76BAD37D8}.Debug|Any CPU.ActiveCfg = Debug|Any CPU
		{BE8E4A77-1848-49E2-ACC6-5BE76BAD37D8}.Debug|Any CPU.Build.0 = Debug|Any CPU
		{BE8E4A77-1848-49E2-ACC6-5BE76BAD37D8}.Debug|x64.ActiveCfg = Debug|Any CPU
		{BE8E4A77-1848-49E2-ACC6-5BE76BAD37D8}.Debug|x64.Build.0 = Debug|Any CPU
		{BE8E4A77-1848-49E2-ACC6-5BE76BAD37D8}.Debug|x86.ActiveCfg = Debug|Any CPU
		{BE8E4A77-1848-49E2-ACC6-5BE76BAD37D8}.Debug|x86.Build.0 = Debug|Any CPU
		{BE8E4A77-1848-49E2-ACC6-5BE76BAD37D8}.Release|Any CPU.ActiveCfg = Release|Any CPU
		{BE8E4A77-1848-49E2-ACC6-5BE76BAD37D8}.Release|Any CPU.Build.0 = Release|Any CPU
		{BE8E4A77-1848-49E2-ACC6-5BE76BAD37D8}.Release|x64.ActiveCfg = Release|Any CPU
		{BE8E4A77-1848-49E2-ACC6-5BE76BAD37D8}.Release|x64.Build.0 = Release|Any CPU
		{BE8E4A77-1848-49E2-ACC6-5BE76BAD37D8}.Release|x86.ActiveCfg = Release|Any CPU
		{BE8E4A77-1848-49E2-ACC6-5BE76BAD37D8}.Release|x86.Build.0 = Release|Any CPU
		{74BBA0C9-8E9C-46AC-9FF4-4BBCFF3E1C08}.Debug|Any CPU.ActiveCfg = Debug|Any CPU
		{74BBA0C9-8E9C-46AC-9FF4-4BBCFF3E1C08}.Debug|Any CPU.Build.0 = Debug|Any CPU
		{74BBA0C9-8E9C-46AC-9FF4-4BBCFF3E1C08}.Debug|x64.ActiveCfg = Debug|Any CPU
		{74BBA0C9-8E9C-46AC-9FF4-4BBCFF3E1C08}.Debug|x86.ActiveCfg = Debug|Any CPU
		{74BBA0C9-8E9C-46AC-9FF4-4BBCFF3E1C08}.Release|Any CPU.ActiveCfg = Release|Any CPU
		{74BBA0C9-8E9C-46AC-9FF4-4BBCFF3E1C08}.Release|Any CPU.Build.0 = Release|Any CPU
		{74BBA0C9-8E9C-46AC-9FF4-4BBCFF3E1C08}.Release|x64.ActiveCfg = Release|Any CPU
		{74BBA0C9-8E9C-46AC-9FF4-4BBCFF3E1C08}.Release|x86.ActiveCfg = Release|Any CPU
		{986D563D-2254-4678-9548-41D3C1B5D27E}.Debug|Any CPU.ActiveCfg = Debug|Any CPU
		{986D563D-2254-4678-9548-41D3C1B5D27E}.Debug|Any CPU.Build.0 = Debug|Any CPU
		{986D563D-2254-4678-9548-41D3C1B5D27E}.Debug|x64.ActiveCfg = Debug|Any CPU
		{986D563D-2254-4678-9548-41D3C1B5D27E}.Debug|x64.Build.0 = Debug|Any CPU
		{986D563D-2254-4678-9548-41D3C1B5D27E}.Debug|x86.ActiveCfg = Debug|Any CPU
		{986D563D-2254-4678-9548-41D3C1B5D27E}.Debug|x86.Build.0 = Debug|Any CPU
		{986D563D-2254-4678-9548-41D3C1B5D27E}.Release|Any CPU.ActiveCfg = Release|Any CPU
		{986D563D-2254-4678-9548-41D3C1B5D27E}.Release|Any CPU.Build.0 = Release|Any CPU
		{986D563D-2254-4678-9548-41D3C1B5D27E}.Release|x64.ActiveCfg = Release|Any CPU
		{986D563D-2254-4678-9548-41D3C1B5D27E}.Release|x64.Build.0 = Release|Any CPU
		{986D563D-2254-4678-9548-41D3C1B5D27E}.Release|x86.ActiveCfg = Release|Any CPU
		{986D563D-2254-4678-9548-41D3C1B5D27E}.Release|x86.Build.0 = Release|Any CPU
		{2F3C7C85-B1C6-43D0-B2BA-3E13D410C489}.Debug|Any CPU.ActiveCfg = Debug|Any CPU
		{2F3C7C85-B1C6-43D0-B2BA-3E13D410C489}.Debug|Any CPU.Build.0 = Debug|Any CPU
		{2F3C7C85-B1C6-43D0-B2BA-3E13D410C489}.Debug|x64.ActiveCfg = Debug|Any CPU
		{2F3C7C85-B1C6-43D0-B2BA-3E13D410C489}.Debug|x64.Build.0 = Debug|Any CPU
		{2F3C7C85-B1C6-43D0-B2BA-3E13D410C489}.Debug|x86.ActiveCfg = Debug|Any CPU
		{2F3C7C85-B1C6-43D0-B2BA-3E13D410C489}.Debug|x86.Build.0 = Debug|Any CPU
		{2F3C7C85-B1C6-43D0-B2BA-3E13D410C489}.Release|Any CPU.ActiveCfg = Release|Any CPU
		{2F3C7C85-B1C6-43D0-B2BA-3E13D410C489}.Release|Any CPU.Build.0 = Release|Any CPU
		{2F3C7C85-B1C6-43D0-B2BA-3E13D410C489}.Release|x64.ActiveCfg = Release|Any CPU
		{2F3C7C85-B1C6-43D0-B2BA-3E13D410C489}.Release|x64.Build.0 = Release|Any CPU
		{2F3C7C85-B1C6-43D0-B2BA-3E13D410C489}.Release|x86.ActiveCfg = Release|Any CPU
		{2F3C7C85-B1C6-43D0-B2BA-3E13D410C489}.Release|x86.Build.0 = Release|Any CPU
		{1FA3E6FA-31FA-4E26-90CB-9DA81C08F7FC}.Debug|Any CPU.ActiveCfg = Debug|Any CPU
		{1FA3E6FA-31FA-4E26-90CB-9DA81C08F7FC}.Debug|Any CPU.Build.0 = Debug|Any CPU
		{1FA3E6FA-31FA-4E26-90CB-9DA81C08F7FC}.Debug|x64.ActiveCfg = Debug|Any CPU
		{1FA3E6FA-31FA-4E26-90CB-9DA81C08F7FC}.Debug|x64.Build.0 = Debug|Any CPU
		{1FA3E6FA-31FA-4E26-90CB-9DA81C08F7FC}.Debug|x86.ActiveCfg = Debug|Any CPU
		{1FA3E6FA-31FA-4E26-90CB-9DA81C08F7FC}.Debug|x86.Build.0 = Debug|Any CPU
		{1FA3E6FA-31FA-4E26-90CB-9DA81C08F7FC}.Release|Any CPU.ActiveCfg = Release|Any CPU
		{1FA3E6FA-31FA-4E26-90CB-9DA81C08F7FC}.Release|Any CPU.Build.0 = Release|Any CPU
		{1FA3E6FA-31FA-4E26-90CB-9DA81C08F7FC}.Release|x64.ActiveCfg = Release|Any CPU
		{1FA3E6FA-31FA-4E26-90CB-9DA81C08F7FC}.Release|x64.Build.0 = Release|Any CPU
		{1FA3E6FA-31FA-4E26-90CB-9DA81C08F7FC}.Release|x86.ActiveCfg = Release|Any CPU
		{1FA3E6FA-31FA-4E26-90CB-9DA81C08F7FC}.Release|x86.Build.0 = Release|Any CPU
		{F99C35F9-7E68-4D61-9312-A07CCE1769E2}.Debug|Any CPU.ActiveCfg = Debug|Any CPU
		{F99C35F9-7E68-4D61-9312-A07CCE1769E2}.Debug|Any CPU.Build.0 = Debug|Any CPU
		{F99C35F9-7E68-4D61-9312-A07CCE1769E2}.Debug|x64.ActiveCfg = Debug|Any CPU
		{F99C35F9-7E68-4D61-9312-A07CCE1769E2}.Debug|x64.Build.0 = Debug|Any CPU
		{F99C35F9-7E68-4D61-9312-A07CCE1769E2}.Debug|x86.ActiveCfg = Debug|Any CPU
		{F99C35F9-7E68-4D61-9312-A07CCE1769E2}.Debug|x86.Build.0 = Debug|Any CPU
		{F99C35F9-7E68-4D61-9312-A07CCE1769E2}.Release|Any CPU.ActiveCfg = Release|Any CPU
		{F99C35F9-7E68-4D61-9312-A07CCE1769E2}.Release|Any CPU.Build.0 = Release|Any CPU
		{F99C35F9-7E68-4D61-9312-A07CCE1769E2}.Release|x64.ActiveCfg = Release|Any CPU
		{F99C35F9-7E68-4D61-9312-A07CCE1769E2}.Release|x64.Build.0 = Release|Any CPU
		{F99C35F9-7E68-4D61-9312-A07CCE1769E2}.Release|x86.ActiveCfg = Release|Any CPU
		{F99C35F9-7E68-4D61-9312-A07CCE1769E2}.Release|x86.Build.0 = Release|Any CPU
		{DF543BCB-1C95-48D6-91E1-15F483F48442}.Debug|Any CPU.ActiveCfg = Debug|Any CPU
		{DF543BCB-1C95-48D6-91E1-15F483F48442}.Debug|Any CPU.Build.0 = Debug|Any CPU
		{DF543BCB-1C95-48D6-91E1-15F483F48442}.Debug|x64.ActiveCfg = Debug|Any CPU
		{DF543BCB-1C95-48D6-91E1-15F483F48442}.Debug|x64.Build.0 = Debug|Any CPU
		{DF543BCB-1C95-48D6-91E1-15F483F48442}.Debug|x86.ActiveCfg = Debug|Any CPU
		{DF543BCB-1C95-48D6-91E1-15F483F48442}.Debug|x86.Build.0 = Debug|Any CPU
		{DF543BCB-1C95-48D6-91E1-15F483F48442}.Release|Any CPU.ActiveCfg = Release|Any CPU
		{DF543BCB-1C95-48D6-91E1-15F483F48442}.Release|Any CPU.Build.0 = Release|Any CPU
		{DF543BCB-1C95-48D6-91E1-15F483F48442}.Release|x64.ActiveCfg = Release|Any CPU
		{DF543BCB-1C95-48D6-91E1-15F483F48442}.Release|x64.Build.0 = Release|Any CPU
		{DF543BCB-1C95-48D6-91E1-15F483F48442}.Release|x86.ActiveCfg = Release|Any CPU
		{DF543BCB-1C95-48D6-91E1-15F483F48442}.Release|x86.Build.0 = Release|Any CPU
		{51DC3E4A-A9BB-4A69-8B16-ED4D7C5AA3D1}.Debug|Any CPU.ActiveCfg = Debug|Any CPU
		{51DC3E4A-A9BB-4A69-8B16-ED4D7C5AA3D1}.Debug|Any CPU.Build.0 = Debug|Any CPU
		{51DC3E4A-A9BB-4A69-8B16-ED4D7C5AA3D1}.Debug|x64.ActiveCfg = Debug|Any CPU
		{51DC3E4A-A9BB-4A69-8B16-ED4D7C5AA3D1}.Debug|x64.Build.0 = Debug|Any CPU
		{51DC3E4A-A9BB-4A69-8B16-ED4D7C5AA3D1}.Debug|x86.ActiveCfg = Debug|Any CPU
		{51DC3E4A-A9BB-4A69-8B16-ED4D7C5AA3D1}.Debug|x86.Build.0 = Debug|Any CPU
		{51DC3E4A-A9BB-4A69-8B16-ED4D7C5AA3D1}.Release|Any CPU.ActiveCfg = Release|Any CPU
		{51DC3E4A-A9BB-4A69-8B16-ED4D7C5AA3D1}.Release|Any CPU.Build.0 = Release|Any CPU
		{51DC3E4A-A9BB-4A69-8B16-ED4D7C5AA3D1}.Release|x64.ActiveCfg = Release|Any CPU
		{51DC3E4A-A9BB-4A69-8B16-ED4D7C5AA3D1}.Release|x64.Build.0 = Release|Any CPU
		{51DC3E4A-A9BB-4A69-8B16-ED4D7C5AA3D1}.Release|x86.ActiveCfg = Release|Any CPU
		{51DC3E4A-A9BB-4A69-8B16-ED4D7C5AA3D1}.Release|x86.Build.0 = Release|Any CPU
		{2366766D-E3CE-428F-BA0A-FF1B6144620A}.Debug|Any CPU.ActiveCfg = Debug|Any CPU
		{2366766D-E3CE-428F-BA0A-FF1B6144620A}.Debug|Any CPU.Build.0 = Debug|Any CPU
		{2366766D-E3CE-428F-BA0A-FF1B6144620A}.Debug|x64.ActiveCfg = Debug|Any CPU
		{2366766D-E3CE-428F-BA0A-FF1B6144620A}.Debug|x64.Build.0 = Debug|Any CPU
		{2366766D-E3CE-428F-BA0A-FF1B6144620A}.Debug|x86.ActiveCfg = Debug|Any CPU
		{2366766D-E3CE-428F-BA0A-FF1B6144620A}.Debug|x86.Build.0 = Debug|Any CPU
		{2366766D-E3CE-428F-BA0A-FF1B6144620A}.Release|Any CPU.ActiveCfg = Release|Any CPU
		{2366766D-E3CE-428F-BA0A-FF1B6144620A}.Release|Any CPU.Build.0 = Release|Any CPU
		{2366766D-E3CE-428F-BA0A-FF1B6144620A}.Release|x64.ActiveCfg = Release|Any CPU
		{2366766D-E3CE-428F-BA0A-FF1B6144620A}.Release|x64.Build.0 = Release|Any CPU
		{2366766D-E3CE-428F-BA0A-FF1B6144620A}.Release|x86.ActiveCfg = Release|Any CPU
		{2366766D-E3CE-428F-BA0A-FF1B6144620A}.Release|x86.Build.0 = Release|Any CPU
		{20A5E5A5-C083-491D-ADB5-F736A2D78838}.Debug|Any CPU.ActiveCfg = Debug|Any CPU
		{20A5E5A5-C083-491D-ADB5-F736A2D78838}.Debug|Any CPU.Build.0 = Debug|Any CPU
		{20A5E5A5-C083-491D-ADB5-F736A2D78838}.Debug|x64.ActiveCfg = Debug|Any CPU
		{20A5E5A5-C083-491D-ADB5-F736A2D78838}.Debug|x64.Build.0 = Debug|Any CPU
		{20A5E5A5-C083-491D-ADB5-F736A2D78838}.Debug|x86.ActiveCfg = Debug|Any CPU
		{20A5E5A5-C083-491D-ADB5-F736A2D78838}.Debug|x86.Build.0 = Debug|Any CPU
		{20A5E5A5-C083-491D-ADB5-F736A2D78838}.Release|Any CPU.ActiveCfg = Release|Any CPU
		{20A5E5A5-C083-491D-ADB5-F736A2D78838}.Release|Any CPU.Build.0 = Release|Any CPU
		{20A5E5A5-C083-491D-ADB5-F736A2D78838}.Release|x64.ActiveCfg = Release|Any CPU
		{20A5E5A5-C083-491D-ADB5-F736A2D78838}.Release|x64.Build.0 = Release|Any CPU
		{20A5E5A5-C083-491D-ADB5-F736A2D78838}.Release|x86.ActiveCfg = Release|Any CPU
		{20A5E5A5-C083-491D-ADB5-F736A2D78838}.Release|x86.Build.0 = Release|Any CPU
		{BA253DBB-2427-4E93-8C64-B1ACA0525399}.Debug|Any CPU.ActiveCfg = Debug|Any CPU
		{BA253DBB-2427-4E93-8C64-B1ACA0525399}.Debug|Any CPU.Build.0 = Debug|Any CPU
		{BA253DBB-2427-4E93-8C64-B1ACA0525399}.Debug|x64.ActiveCfg = Debug|Any CPU
		{BA253DBB-2427-4E93-8C64-B1ACA0525399}.Debug|x64.Build.0 = Debug|Any CPU
		{BA253DBB-2427-4E93-8C64-B1ACA0525399}.Debug|x86.ActiveCfg = Debug|Any CPU
		{BA253DBB-2427-4E93-8C64-B1ACA0525399}.Debug|x86.Build.0 = Debug|Any CPU
		{BA253DBB-2427-4E93-8C64-B1ACA0525399}.Release|Any CPU.ActiveCfg = Release|Any CPU
		{BA253DBB-2427-4E93-8C64-B1ACA0525399}.Release|Any CPU.Build.0 = Release|Any CPU
		{BA253DBB-2427-4E93-8C64-B1ACA0525399}.Release|x64.ActiveCfg = Release|Any CPU
		{BA253DBB-2427-4E93-8C64-B1ACA0525399}.Release|x64.Build.0 = Release|Any CPU
		{BA253DBB-2427-4E93-8C64-B1ACA0525399}.Release|x86.ActiveCfg = Release|Any CPU
		{BA253DBB-2427-4E93-8C64-B1ACA0525399}.Release|x86.Build.0 = Release|Any CPU
		{3DAF517B-5100-4574-A2BE-7B10FE1698A0}.Debug|Any CPU.ActiveCfg = Debug|Any CPU
		{3DAF517B-5100-4574-A2BE-7B10FE1698A0}.Debug|Any CPU.Build.0 = Debug|Any CPU
		{3DAF517B-5100-4574-A2BE-7B10FE1698A0}.Debug|x64.ActiveCfg = Debug|Any CPU
		{3DAF517B-5100-4574-A2BE-7B10FE1698A0}.Debug|x64.Build.0 = Debug|Any CPU
		{3DAF517B-5100-4574-A2BE-7B10FE1698A0}.Debug|x86.ActiveCfg = Debug|Any CPU
		{3DAF517B-5100-4574-A2BE-7B10FE1698A0}.Debug|x86.Build.0 = Debug|Any CPU
		{3DAF517B-5100-4574-A2BE-7B10FE1698A0}.Release|Any CPU.ActiveCfg = Release|Any CPU
		{3DAF517B-5100-4574-A2BE-7B10FE1698A0}.Release|Any CPU.Build.0 = Release|Any CPU
		{3DAF517B-5100-4574-A2BE-7B10FE1698A0}.Release|x64.ActiveCfg = Release|Any CPU
		{3DAF517B-5100-4574-A2BE-7B10FE1698A0}.Release|x64.Build.0 = Release|Any CPU
		{3DAF517B-5100-4574-A2BE-7B10FE1698A0}.Release|x86.ActiveCfg = Release|Any CPU
		{3DAF517B-5100-4574-A2BE-7B10FE1698A0}.Release|x86.Build.0 = Release|Any CPU
		{8C8FB809-586F-442C-B773-8097A642419A}.Debug|Any CPU.ActiveCfg = Debug|Any CPU
		{8C8FB809-586F-442C-B773-8097A642419A}.Debug|Any CPU.Build.0 = Debug|Any CPU
		{8C8FB809-586F-442C-B773-8097A642419A}.Debug|x64.ActiveCfg = Debug|Any CPU
		{8C8FB809-586F-442C-B773-8097A642419A}.Debug|x64.Build.0 = Debug|Any CPU
		{8C8FB809-586F-442C-B773-8097A642419A}.Debug|x86.ActiveCfg = Debug|Any CPU
		{8C8FB809-586F-442C-B773-8097A642419A}.Debug|x86.Build.0 = Debug|Any CPU
		{8C8FB809-586F-442C-B773-8097A642419A}.Release|Any CPU.ActiveCfg = Release|Any CPU
		{8C8FB809-586F-442C-B773-8097A642419A}.Release|Any CPU.Build.0 = Release|Any CPU
		{8C8FB809-586F-442C-B773-8097A642419A}.Release|x64.ActiveCfg = Release|Any CPU
		{8C8FB809-586F-442C-B773-8097A642419A}.Release|x64.Build.0 = Release|Any CPU
		{8C8FB809-586F-442C-B773-8097A642419A}.Release|x86.ActiveCfg = Release|Any CPU
		{8C8FB809-586F-442C-B773-8097A642419A}.Release|x86.Build.0 = Release|Any CPU
		{99269F78-385C-4890-8C72-DD01731A1722}.Debug|Any CPU.ActiveCfg = Debug|Any CPU
		{99269F78-385C-4890-8C72-DD01731A1722}.Debug|Any CPU.Build.0 = Debug|Any CPU
		{99269F78-385C-4890-8C72-DD01731A1722}.Debug|x64.ActiveCfg = Debug|Any CPU
		{99269F78-385C-4890-8C72-DD01731A1722}.Debug|x64.Build.0 = Debug|Any CPU
		{99269F78-385C-4890-8C72-DD01731A1722}.Debug|x86.ActiveCfg = Debug|Any CPU
		{99269F78-385C-4890-8C72-DD01731A1722}.Debug|x86.Build.0 = Debug|Any CPU
		{99269F78-385C-4890-8C72-DD01731A1722}.Release|Any CPU.ActiveCfg = Release|Any CPU
		{99269F78-385C-4890-8C72-DD01731A1722}.Release|Any CPU.Build.0 = Release|Any CPU
		{99269F78-385C-4890-8C72-DD01731A1722}.Release|x64.ActiveCfg = Release|Any CPU
		{99269F78-385C-4890-8C72-DD01731A1722}.Release|x64.Build.0 = Release|Any CPU
		{99269F78-385C-4890-8C72-DD01731A1722}.Release|x86.ActiveCfg = Release|Any CPU
		{99269F78-385C-4890-8C72-DD01731A1722}.Release|x86.Build.0 = Release|Any CPU
		{433D474A-EDAC-4153-984A-3D194860A457}.Debug|Any CPU.ActiveCfg = Debug|Any CPU
		{433D474A-EDAC-4153-984A-3D194860A457}.Debug|Any CPU.Build.0 = Debug|Any CPU
		{433D474A-EDAC-4153-984A-3D194860A457}.Debug|x64.ActiveCfg = Debug|Any CPU
		{433D474A-EDAC-4153-984A-3D194860A457}.Debug|x64.Build.0 = Debug|Any CPU
		{433D474A-EDAC-4153-984A-3D194860A457}.Debug|x86.ActiveCfg = Debug|Any CPU
		{433D474A-EDAC-4153-984A-3D194860A457}.Debug|x86.Build.0 = Debug|Any CPU
		{433D474A-EDAC-4153-984A-3D194860A457}.Release|Any CPU.ActiveCfg = Release|Any CPU
		{433D474A-EDAC-4153-984A-3D194860A457}.Release|Any CPU.Build.0 = Release|Any CPU
		{433D474A-EDAC-4153-984A-3D194860A457}.Release|x64.ActiveCfg = Release|Any CPU
		{433D474A-EDAC-4153-984A-3D194860A457}.Release|x64.Build.0 = Release|Any CPU
		{433D474A-EDAC-4153-984A-3D194860A457}.Release|x86.ActiveCfg = Release|Any CPU
		{433D474A-EDAC-4153-984A-3D194860A457}.Release|x86.Build.0 = Release|Any CPU
		{06E92F27-1469-49EC-BB35-E8A9D327250F}.Debug|Any CPU.ActiveCfg = Debug|Any CPU
		{06E92F27-1469-49EC-BB35-E8A9D327250F}.Debug|Any CPU.Build.0 = Debug|Any CPU
		{06E92F27-1469-49EC-BB35-E8A9D327250F}.Debug|x64.ActiveCfg = Debug|Any CPU
		{06E92F27-1469-49EC-BB35-E8A9D327250F}.Debug|x64.Build.0 = Debug|Any CPU
		{06E92F27-1469-49EC-BB35-E8A9D327250F}.Debug|x86.ActiveCfg = Debug|Any CPU
		{06E92F27-1469-49EC-BB35-E8A9D327250F}.Debug|x86.Build.0 = Debug|Any CPU
		{06E92F27-1469-49EC-BB35-E8A9D327250F}.Release|Any CPU.ActiveCfg = Release|Any CPU
		{06E92F27-1469-49EC-BB35-E8A9D327250F}.Release|Any CPU.Build.0 = Release|Any CPU
		{06E92F27-1469-49EC-BB35-E8A9D327250F}.Release|x64.ActiveCfg = Release|Any CPU
		{06E92F27-1469-49EC-BB35-E8A9D327250F}.Release|x64.Build.0 = Release|Any CPU
		{06E92F27-1469-49EC-BB35-E8A9D327250F}.Release|x86.ActiveCfg = Release|Any CPU
		{06E92F27-1469-49EC-BB35-E8A9D327250F}.Release|x86.Build.0 = Release|Any CPU
		{55FB3D99-FF92-488C-8CD0-B8BAC7ADBBF8}.Debug|Any CPU.ActiveCfg = Debug|Any CPU
		{55FB3D99-FF92-488C-8CD0-B8BAC7ADBBF8}.Debug|Any CPU.Build.0 = Debug|Any CPU
		{55FB3D99-FF92-488C-8CD0-B8BAC7ADBBF8}.Debug|x64.ActiveCfg = Debug|Any CPU
		{55FB3D99-FF92-488C-8CD0-B8BAC7ADBBF8}.Debug|x64.Build.0 = Debug|Any CPU
		{55FB3D99-FF92-488C-8CD0-B8BAC7ADBBF8}.Debug|x86.ActiveCfg = Debug|Any CPU
		{55FB3D99-FF92-488C-8CD0-B8BAC7ADBBF8}.Debug|x86.Build.0 = Debug|Any CPU
		{55FB3D99-FF92-488C-8CD0-B8BAC7ADBBF8}.Release|Any CPU.ActiveCfg = Release|Any CPU
		{55FB3D99-FF92-488C-8CD0-B8BAC7ADBBF8}.Release|Any CPU.Build.0 = Release|Any CPU
		{55FB3D99-FF92-488C-8CD0-B8BAC7ADBBF8}.Release|x64.ActiveCfg = Release|Any CPU
		{55FB3D99-FF92-488C-8CD0-B8BAC7ADBBF8}.Release|x64.Build.0 = Release|Any CPU
		{55FB3D99-FF92-488C-8CD0-B8BAC7ADBBF8}.Release|x86.ActiveCfg = Release|Any CPU
		{55FB3D99-FF92-488C-8CD0-B8BAC7ADBBF8}.Release|x86.Build.0 = Release|Any CPU
		{4EE5C02B-B31D-4462-9558-F57A10F637CE}.Debug|Any CPU.ActiveCfg = Debug|Any CPU
		{4EE5C02B-B31D-4462-9558-F57A10F637CE}.Debug|Any CPU.Build.0 = Debug|Any CPU
		{4EE5C02B-B31D-4462-9558-F57A10F637CE}.Debug|x64.ActiveCfg = Debug|Any CPU
		{4EE5C02B-B31D-4462-9558-F57A10F637CE}.Debug|x64.Build.0 = Debug|Any CPU
		{4EE5C02B-B31D-4462-9558-F57A10F637CE}.Debug|x86.ActiveCfg = Debug|Any CPU
		{4EE5C02B-B31D-4462-9558-F57A10F637CE}.Debug|x86.Build.0 = Debug|Any CPU
		{4EE5C02B-B31D-4462-9558-F57A10F637CE}.Release|Any CPU.ActiveCfg = Release|Any CPU
		{4EE5C02B-B31D-4462-9558-F57A10F637CE}.Release|Any CPU.Build.0 = Release|Any CPU
		{4EE5C02B-B31D-4462-9558-F57A10F637CE}.Release|x64.ActiveCfg = Release|Any CPU
		{4EE5C02B-B31D-4462-9558-F57A10F637CE}.Release|x64.Build.0 = Release|Any CPU
		{4EE5C02B-B31D-4462-9558-F57A10F637CE}.Release|x86.ActiveCfg = Release|Any CPU
		{4EE5C02B-B31D-4462-9558-F57A10F637CE}.Release|x86.Build.0 = Release|Any CPU
		{984C1CC3-5644-4705-95D7-980FF9377854}.Debug|Any CPU.ActiveCfg = Debug|Any CPU
		{984C1CC3-5644-4705-95D7-980FF9377854}.Debug|Any CPU.Build.0 = Debug|Any CPU
		{984C1CC3-5644-4705-95D7-980FF9377854}.Debug|x64.ActiveCfg = Debug|Any CPU
		{984C1CC3-5644-4705-95D7-980FF9377854}.Debug|x64.Build.0 = Debug|Any CPU
		{984C1CC3-5644-4705-95D7-980FF9377854}.Debug|x86.ActiveCfg = Debug|Any CPU
		{984C1CC3-5644-4705-95D7-980FF9377854}.Debug|x86.Build.0 = Debug|Any CPU
		{984C1CC3-5644-4705-95D7-980FF9377854}.Release|Any CPU.ActiveCfg = Release|Any CPU
		{984C1CC3-5644-4705-95D7-980FF9377854}.Release|Any CPU.Build.0 = Release|Any CPU
		{984C1CC3-5644-4705-95D7-980FF9377854}.Release|x64.ActiveCfg = Release|Any CPU
		{984C1CC3-5644-4705-95D7-980FF9377854}.Release|x64.Build.0 = Release|Any CPU
		{984C1CC3-5644-4705-95D7-980FF9377854}.Release|x86.ActiveCfg = Release|Any CPU
		{984C1CC3-5644-4705-95D7-980FF9377854}.Release|x86.Build.0 = Release|Any CPU
		{960359E9-CED4-4679-ADC7-9610ADBEFEA7}.Debug|Any CPU.ActiveCfg = Debug|Any CPU
		{960359E9-CED4-4679-ADC7-9610ADBEFEA7}.Debug|Any CPU.Build.0 = Debug|Any CPU
		{960359E9-CED4-4679-ADC7-9610ADBEFEA7}.Debug|x64.ActiveCfg = Debug|Any CPU
		{960359E9-CED4-4679-ADC7-9610ADBEFEA7}.Debug|x64.Build.0 = Debug|Any CPU
		{960359E9-CED4-4679-ADC7-9610ADBEFEA7}.Debug|x86.ActiveCfg = Debug|Any CPU
		{960359E9-CED4-4679-ADC7-9610ADBEFEA7}.Debug|x86.Build.0 = Debug|Any CPU
		{960359E9-CED4-4679-ADC7-9610ADBEFEA7}.Release|Any CPU.ActiveCfg = Release|Any CPU
		{960359E9-CED4-4679-ADC7-9610ADBEFEA7}.Release|Any CPU.Build.0 = Release|Any CPU
		{960359E9-CED4-4679-ADC7-9610ADBEFEA7}.Release|x64.ActiveCfg = Release|Any CPU
		{960359E9-CED4-4679-ADC7-9610ADBEFEA7}.Release|x64.Build.0 = Release|Any CPU
		{960359E9-CED4-4679-ADC7-9610ADBEFEA7}.Release|x86.ActiveCfg = Release|Any CPU
		{960359E9-CED4-4679-ADC7-9610ADBEFEA7}.Release|x86.Build.0 = Release|Any CPU
		{8BF6BD1B-0EAD-4407-826A-7D1AE7952D08}.Debug|Any CPU.ActiveCfg = Debug|Any CPU
		{8BF6BD1B-0EAD-4407-826A-7D1AE7952D08}.Debug|Any CPU.Build.0 = Debug|Any CPU
		{8BF6BD1B-0EAD-4407-826A-7D1AE7952D08}.Debug|x64.ActiveCfg = Debug|Any CPU
		{8BF6BD1B-0EAD-4407-826A-7D1AE7952D08}.Debug|x64.Build.0 = Debug|Any CPU
		{8BF6BD1B-0EAD-4407-826A-7D1AE7952D08}.Debug|x86.ActiveCfg = Debug|Any CPU
		{8BF6BD1B-0EAD-4407-826A-7D1AE7952D08}.Debug|x86.Build.0 = Debug|Any CPU
		{8BF6BD1B-0EAD-4407-826A-7D1AE7952D08}.Release|Any CPU.ActiveCfg = Release|Any CPU
		{8BF6BD1B-0EAD-4407-826A-7D1AE7952D08}.Release|Any CPU.Build.0 = Release|Any CPU
		{8BF6BD1B-0EAD-4407-826A-7D1AE7952D08}.Release|x64.ActiveCfg = Release|Any CPU
		{8BF6BD1B-0EAD-4407-826A-7D1AE7952D08}.Release|x64.Build.0 = Release|Any CPU
		{8BF6BD1B-0EAD-4407-826A-7D1AE7952D08}.Release|x86.ActiveCfg = Release|Any CPU
		{8BF6BD1B-0EAD-4407-826A-7D1AE7952D08}.Release|x86.Build.0 = Release|Any CPU
		{73D625EE-9D80-4053-AB24-0F0BDB2F0CDE}.Debug|Any CPU.ActiveCfg = Debug|Any CPU
		{73D625EE-9D80-4053-AB24-0F0BDB2F0CDE}.Debug|Any CPU.Build.0 = Debug|Any CPU
		{73D625EE-9D80-4053-AB24-0F0BDB2F0CDE}.Debug|x64.ActiveCfg = Debug|Any CPU
		{73D625EE-9D80-4053-AB24-0F0BDB2F0CDE}.Debug|x64.Build.0 = Debug|Any CPU
		{73D625EE-9D80-4053-AB24-0F0BDB2F0CDE}.Debug|x86.ActiveCfg = Debug|Any CPU
		{73D625EE-9D80-4053-AB24-0F0BDB2F0CDE}.Debug|x86.Build.0 = Debug|Any CPU
		{73D625EE-9D80-4053-AB24-0F0BDB2F0CDE}.Release|Any CPU.ActiveCfg = Release|Any CPU
		{73D625EE-9D80-4053-AB24-0F0BDB2F0CDE}.Release|Any CPU.Build.0 = Release|Any CPU
		{73D625EE-9D80-4053-AB24-0F0BDB2F0CDE}.Release|x64.ActiveCfg = Release|Any CPU
		{73D625EE-9D80-4053-AB24-0F0BDB2F0CDE}.Release|x64.Build.0 = Release|Any CPU
		{73D625EE-9D80-4053-AB24-0F0BDB2F0CDE}.Release|x86.ActiveCfg = Release|Any CPU
		{73D625EE-9D80-4053-AB24-0F0BDB2F0CDE}.Release|x86.Build.0 = Release|Any CPU
	EndGlobalSection
	GlobalSection(SolutionProperties) = preSolution
		HideSolutionNode = FALSE
	EndGlobalSection
	GlobalSection(ExtensibilityGlobals) = postSolution
		SolutionGuid = {568EDD19-02CA-4A43-A565-D0024F3D12D3}
	EndGlobalSection
EndGlobal
