
Microsoft Visual Studio Solution File, Format Version 12.00
# Visual Studio Version 16
VisualStudioVersion = 16.0.30611.23
MinimumVisualStudioVersion = 10.0.40219.1
Project("{FAE04EC0-301F-11D3-BF4B-00C04F79EFBC}") = "Hello World 2", "Hello World 2\Hello World 2.csproj", "{C8CAE932-9A7D-4BC5-911F-FACAA130F515}"
EndProject
Global
	GlobalSection(SolutionConfigurationPlatforms) = preSolution
		Debug|Any CPU = Debug|Any CPU
		Release|Any CPU = Release|Any CPU
	EndGlobalSection
	GlobalSection(ProjectConfigurationPlatforms) = postSolution
		{C8CAE932-9A7D-4BC5-911F-FACAA130F515}.Debug|Any CPU.ActiveCfg = Debug|Any CPU
		{C8CAE932-9A7D-4BC5-911F-FACAA130F515}.Debug|Any CPU.Build.0 = Debug|Any CPU
		{C8CAE932-9A7D-4BC5-911F-FACAA130F515}.Release|Any CPU.ActiveCfg = Release|Any CPU
		{C8CAE932-9A7D-4BC5-911F-FACAA130F515}.Release|Any CPU.Build.0 = Release|Any CPU
	EndGlobalSection
	GlobalSection(SolutionProperties) = preSolution
		HideSolutionNode = FALSE
	EndGlobalSection
	GlobalSection(ExtensibilityGlobals) = postSolution
		SolutionGuid = {33846442-FD69-44FC-B1E5-025615C753CF}
	EndGlobalSection
EndGlobal
